
Microsoft Visual Studio Solution File, Format Version 12.00
Project("{FAE04EC0-301F-11D3-BF4B-00C04F79EFBC}") = "Array", "data_structures\array\Array\Array.csproj", "{39C21F82-802E-4CA5-B381-DF63EFBDA33C}"
EndProject
Project("{2150E333-8FDC-42A3-9474-1A3956D46DE8}") = "data_structures", "data_structures", "{7E181F3F-9380-41B3-BDD7-3C52D6DF15A3}"
EndProject
Project("{2150E333-8FDC-42A3-9474-1A3956D46DE8}") = "array", "array", "{01EC8305-024C-409B-BE26-2984F4831060}"
EndProject
Global
	GlobalSection(SolutionConfigurationPlatforms) = preSolution
		Debug|Any CPU = Debug|Any CPU
		Release|Any CPU = Release|Any CPU
	EndGlobalSection
	GlobalSection(ProjectConfigurationPlatforms) = postSolution
		{39C21F82-802E-4CA5-B381-DF63EFBDA33C}.Debug|Any CPU.ActiveCfg = Debug|Any CPU
		{39C21F82-802E-4CA5-B381-DF63EFBDA33C}.Debug|Any CPU.Build.0 = Debug|Any CPU
		{39C21F82-802E-4CA5-B381-DF63EFBDA33C}.Release|Any CPU.ActiveCfg = Release|Any CPU
		{39C21F82-802E-4CA5-B381-DF63EFBDA33C}.Release|Any CPU.Build.0 = Release|Any CPU
	EndGlobalSection
	GlobalSection(NestedProjects) = preSolution
		{01EC8305-024C-409B-BE26-2984F4831060} = {7E181F3F-9380-41B3-BDD7-3C52D6DF15A3}
		{39C21F82-802E-4CA5-B381-DF63EFBDA33C} = {01EC8305-024C-409B-BE26-2984F4831060}
	EndGlobalSection
EndGlobal
