
Microsoft Visual Studio Solution File, Format Version 12.00
Project("{FAE04EC0-301F-11D3-BF4B-00C04F79EFBC}") = "ReverseArray", "ReverseArray\ReverseArray.csproj", "{8F27CCB2-EDF2-42E2-B798-60611DFC5CEC}"
EndProject
Project("{FAE04EC0-301F-11D3-BF4B-00C04F79EFBC}") = "ReverseArray.Tests.Unit", "ReverseArray.Tests.Unit\ReverseArray.Tests.Unit.csproj", "{F5E0C245-788E-4E77-BF01-484BCDCBA8B2}"
EndProject
Project("{2150E333-8FDC-42A3-9474-1A3956D46DE8}") = "SolutionItems", "SolutionItems", "{0D8D24A7-5D6B-416F-A294-89C970A74296}"
ProjectSection(SolutionItems) = preProject
	README.md = README.md
EndProjectSection
EndProject
Global
	GlobalSection(SolutionConfigurationPlatforms) = preSolution
		Debug|Any CPU = Debug|Any CPU
		Release|Any CPU = Release|Any CPU
	EndGlobalSection
	GlobalSection(ProjectConfigurationPlatforms) = postSolution
		{8F27CCB2-EDF2-42E2-B798-60611DFC5CEC}.Debug|Any CPU.ActiveCfg = Debug|Any CPU
		{8F27CCB2-EDF2-42E2-B798-60611DFC5CEC}.Debug|Any CPU.Build.0 = Debug|Any CPU
		{8F27CCB2-EDF2-42E2-B798-60611DFC5CEC}.Release|Any CPU.ActiveCfg = Release|Any CPU
		{8F27CCB2-EDF2-42E2-B798-60611DFC5CEC}.Release|Any CPU.Build.0 = Release|Any CPU
		{F5E0C245-788E-4E77-BF01-484BCDCBA8B2}.Debug|Any CPU.ActiveCfg = Debug|Any CPU
		{F5E0C245-788E-4E77-BF01-484BCDCBA8B2}.Debug|Any CPU.Build.0 = Debug|Any CPU
		{F5E0C245-788E-4E77-BF01-484BCDCBA8B2}.Release|Any CPU.ActiveCfg = Release|Any CPU
		{F5E0C245-788E-4E77-BF01-484BCDCBA8B2}.Release|Any CPU.Build.0 = Release|Any CPU
	EndGlobalSection
EndGlobal
