
Microsoft Visual Studio Solution File, Format Version 12.00
Project("{FAE04EC0-301F-11D3-BF4B-00C04F79EFBC}") = "HourGlass", "HourGlass\HourGlass.csproj", "{9D36F949-33FB-4605-A93B-B9B7CF70988D}"
EndProject
Project("{FAE04EC0-301F-11D3-BF4B-00C04F79EFBC}") = "HourGlass.Tests.Unit", "HourGlass.Tests.Unit\HourGlass.Tests.Unit.csproj", "{9A09F2D6-6EFF-4D09-BA10-3192947BFDC8}"
EndProject
Project("{2150E333-8FDC-42A3-9474-1A3956D46DE8}") = "SolutionItems", "SolutionItems", "{E7A5B020-CA3A-43BC-AD25-251738DE5B33}"
ProjectSection(SolutionItems) = preProject
	README.md = README.md
EndProjectSection
ProjectSection(SolutionItems) = preProject
	.gitignore = .gitignore
EndProjectSection
EndProject
Global
	GlobalSection(SolutionConfigurationPlatforms) = preSolution
		Debug|Any CPU = Debug|Any CPU
		Release|Any CPU = Release|Any CPU
	EndGlobalSection
	GlobalSection(ProjectConfigurationPlatforms) = postSolution
		{9D36F949-33FB-4605-A93B-B9B7CF70988D}.Debug|Any CPU.ActiveCfg = Debug|Any CPU
		{9D36F949-33FB-4605-A93B-B9B7CF70988D}.Debug|Any CPU.Build.0 = Debug|Any CPU
		{9D36F949-33FB-4605-A93B-B9B7CF70988D}.Release|Any CPU.ActiveCfg = Release|Any CPU
		{9D36F949-33FB-4605-A93B-B9B7CF70988D}.Release|Any CPU.Build.0 = Release|Any CPU
		{9A09F2D6-6EFF-4D09-BA10-3192947BFDC8}.Debug|Any CPU.ActiveCfg = Debug|Any CPU
		{9A09F2D6-6EFF-4D09-BA10-3192947BFDC8}.Debug|Any CPU.Build.0 = Debug|Any CPU
		{9A09F2D6-6EFF-4D09-BA10-3192947BFDC8}.Release|Any CPU.ActiveCfg = Release|Any CPU
		{9A09F2D6-6EFF-4D09-BA10-3192947BFDC8}.Release|Any CPU.Build.0 = Release|Any CPU
	EndGlobalSection
EndGlobal
