
Microsoft Visual Studio Solution File, Format Version 12.00
Project("{FAE04EC0-301F-11D3-BF4B-00C04F79EFBC}") = "SinglyLinkedList", "SinglyLinkedList\SinglyLinkedList.csproj", "{49B0A024-BBFE-4E61-B666-C5229EE6705C}"
EndProject
Project("{FAE04EC0-301F-11D3-BF4B-00C04F79EFBC}") = "SinglyLinkedList.Unit.Tests", "SinglyLinkedList.Unit.Tests\SinglyLinkedList.Unit.Tests.csproj", "{810546AA-34BF-419F-886F-E97067C86B76}"
EndProject
Global
	GlobalSection(SolutionConfigurationPlatforms) = preSolution
		Debug|Any CPU = Debug|Any CPU
		Release|Any CPU = Release|Any CPU
	EndGlobalSection
	GlobalSection(ProjectConfigurationPlatforms) = postSolution
		{49B0A024-BBFE-4E61-B666-C5229EE6705C}.Debug|Any CPU.ActiveCfg = Debug|Any CPU
		{49B0A024-BBFE-4E61-B666-C5229EE6705C}.Debug|Any CPU.Build.0 = Debug|Any CPU
		{49B0A024-BBFE-4E61-B666-C5229EE6705C}.Release|Any CPU.ActiveCfg = Release|Any CPU
		{49B0A024-BBFE-4E61-B666-C5229EE6705C}.Release|Any CPU.Build.0 = Release|Any CPU
		{810546AA-34BF-419F-886F-E97067C86B76}.Debug|Any CPU.ActiveCfg = Debug|Any CPU
		{810546AA-34BF-419F-886F-E97067C86B76}.Debug|Any CPU.Build.0 = Debug|Any CPU
		{810546AA-34BF-419F-886F-E97067C86B76}.Release|Any CPU.ActiveCfg = Release|Any CPU
		{810546AA-34BF-419F-886F-E97067C86B76}.Release|Any CPU.Build.0 = Release|Any CPU
	EndGlobalSection
EndGlobal
